
Microsoft Visual Studio Solution File, Format Version 12.00
# Visual Studio Version 16
VisualStudioVersion = 16.0.30907.101
MinimumVisualStudioVersion = 10.0.40219.1
Project("{9A19103F-16F7-4668-BE54-9A1E7A4F7556}") = "Smart.Blazor.Demos", "Smart.Blazor.Demos.csproj", "{17816DF0-A3AE-4AA7-A52E-B0E2788D6A53}"
EndProject
Global
	GlobalSection(SolutionConfigurationPlatforms) = preSolution
		Debug|Any CPU = Debug|Any CPU
		Release|Any CPU = Release|Any CPU
	EndGlobalSection
	GlobalSection(ProjectConfigurationPlatforms) = postSolution
		{17816DF0-A3AE-4AA7-A52E-B0E2788D6A53}.Debug|Any CPU.ActiveCfg = Debug|Any CPU
		{17816DF0-A3AE-4AA7-A52E-B0E2788D6A53}.Debug|Any CPU.Build.0 = Debug|Any CPU
		{17816DF0-A3AE-4AA7-A52E-B0E2788D6A53}.Release|Any CPU.ActiveCfg = Release|Any CPU
		{17816DF0-A3AE-4AA7-A52E-B0E2788D6A53}.Release|Any CPU.Build.0 = Release|Any CPU
	EndGlobalSection
	GlobalSection(SolutionProperties) = preSolution
		HideSolutionNode = FALSE
	EndGlobalSection
	GlobalSection(ExtensibilityGlobals) = postSolution
		SolutionGuid = {EBAB45E6-628E-4DF7-BC6C-7AD02D195D59}
	EndGlobalSection
EndGlobal
